// !$*UTF8*$!
{
	archiveVersion = 1;
	classes = {
	};
	objectVersion = 46;
	objects = {

/* Begin PBXBuildFile section */
		B8D99DBF6FE3E002034586D4 /* Pods_GrabMotion.framework in Frameworks */ = {isa = PBXBuildFile; fileRef = 3A4ECA889A7743CAC88CFB47 /* Pods_GrabMotion.framework */; };
		D70026E41CA626940076485A /* JobViewController.swift in Sources */ = {isa = PBXBuildFile; fileRef = D70026E31CA626930076485A /* JobViewController.swift */; };
		D70A62C01C52990300E759C6 /* AppDelegate.swift in Sources */ = {isa = PBXBuildFile; fileRef = D70A62BF1C52990300E759C6 /* AppDelegate.swift */; };
		D70A62C51C52990300E759C6 /* Main.storyboard in Resources */ = {isa = PBXBuildFile; fileRef = D70A62C31C52990300E759C6 /* Main.storyboard */; };
		D70A62C71C52990300E759C6 /* Assets.xcassets in Resources */ = {isa = PBXBuildFile; fileRef = D70A62C61C52990300E759C6 /* Assets.xcassets */; };
		D70A62CA1C52990300E759C6 /* LaunchScreen.storyboard in Resources */ = {isa = PBXBuildFile; fileRef = D70A62C81C52990300E759C6 /* LaunchScreen.storyboard */; };
		D70A62D21C529D1600E759C6 /* Motion.Motion.proto.swift in Sources */ = {isa = PBXBuildFile; fileRef = D70A62D11C529D1600E759C6 /* Motion.Motion.proto.swift */; };
		D70A62EB1C52E32F00E759C6 /* ysocket.swift in Sources */ = {isa = PBXBuildFile; fileRef = D70A62E61C52E32F00E759C6 /* ysocket.swift */; };
		D70A62EC1C52E32F00E759C6 /* ytcpsocket.c in Sources */ = {isa = PBXBuildFile; fileRef = D70A62E71C52E32F00E759C6 /* ytcpsocket.c */; };
		D70A62ED1C52E32F00E759C6 /* ytcpsocket.swift in Sources */ = {isa = PBXBuildFile; fileRef = D70A62E81C52E32F00E759C6 /* ytcpsocket.swift */; };
		D70A62EE1C52E32F00E759C6 /* yudpsocket.c in Sources */ = {isa = PBXBuildFile; fileRef = D70A62E91C52E32F00E759C6 /* yudpsocket.c */; };
		D70A62EF1C52E32F00E759C6 /* yudpsocket.swift in Sources */ = {isa = PBXBuildFile; fileRef = D70A62EA1C52E32F00E759C6 /* yudpsocket.swift */; };
		D70A62F91C52E68A00E759C6 /* SystemConfiguration.framework in Frameworks */ = {isa = PBXBuildFile; fileRef = D70A62F81C52E68A00E759C6 /* SystemConfiguration.framework */; };
		D70A62FB1C52E69700E759C6 /* StoreKit.framework in Frameworks */ = {isa = PBXBuildFile; fileRef = D70A62FA1C52E69700E759C6 /* StoreKit.framework */; };
		D70A62FD1C52E6AE00E759C6 /* Security.framework in Frameworks */ = {isa = PBXBuildFile; fileRef = D70A62FC1C52E6AE00E759C6 /* Security.framework */; };
		D70A62FF1C52E6B700E759C6 /* QuartzCore.framework in Frameworks */ = {isa = PBXBuildFile; fileRef = D70A62FE1C52E6B700E759C6 /* QuartzCore.framework */; };
		D70A63011C52E6C300E759C6 /* CoreLocation.framework in Frameworks */ = {isa = PBXBuildFile; fileRef = D70A63001C52E6C300E759C6 /* CoreLocation.framework */; };
		D70A63031C52E6E800E759C6 /* CFNetwork.framework in Frameworks */ = {isa = PBXBuildFile; fileRef = D70A63021C52E6E800E759C6 /* CFNetwork.framework */; };
		D70A63051C52E6F000E759C6 /* AudioToolbox.framework in Frameworks */ = {isa = PBXBuildFile; fileRef = D70A63041C52E6F000E759C6 /* AudioToolbox.framework */; };
		D70A63071C52E6FA00E759C6 /* libsqlite3.tbd in Frameworks */ = {isa = PBXBuildFile; fileRef = D70A63061C52E6FA00E759C6 /* libsqlite3.tbd */; };
		D70A63091C52E70300E759C6 /* libz.tbd in Frameworks */ = {isa = PBXBuildFile; fileRef = D70A63081C52E70300E759C6 /* libz.tbd */; };
		D70A630B1C52EE0C00E759C6 /* grabmotion_logo.png in Resources */ = {isa = PBXBuildFile; fileRef = D70A630A1C52EE0C00E759C6 /* grabmotion_logo.png */; };
		D70DB6691C8A05790088C1BE /* camon.png in Resources */ = {isa = PBXBuildFile; fileRef = D70DB6681C8A05790088C1BE /* camon.png */; };
		D70DB66C1C8A0F870088C1BE /* camerano.png in Resources */ = {isa = PBXBuildFile; fileRef = D70DB66A1C8A0F870088C1BE /* camerano.png */; };
		D70DB66D1C8A0F870088C1BE /* camerarunning.png in Resources */ = {isa = PBXBuildFile; fileRef = D70DB66B1C8A0F870088C1BE /* camerarunning.png */; };
		D71384AD1C5CFEAD004773EA /* mail.png in Resources */ = {isa = PBXBuildFile; fileRef = D71384AC1C5CFEAD004773EA /* mail.png */; };
		D71384B11C5CFF10004773EA /* pass.png in Resources */ = {isa = PBXBuildFile; fileRef = D71384B01C5CFF10004773EA /* pass.png */; };
		D71384B31C5D1CA9004773EA /* FB-f-Logo__blue_100.png in Resources */ = {isa = PBXBuildFile; fileRef = D71384B21C5D1CA9004773EA /* FB-f-Logo__blue_100.png */; };
		D71384B51C5D1CAF004773EA /* TwitterLogo_white.png in Resources */ = {isa = PBXBuildFile; fileRef = D71384B41C5D1CAF004773EA /* TwitterLogo_white.png */; };
		D71384B71C5D1D1A004773EA /* grabmotion_iso.png in Resources */ = {isa = PBXBuildFile; fileRef = D71384B61C5D1D1A004773EA /* grabmotion_iso.png */; };
		D71384B91C5D260E004773EA /* RegisterViewController.swift in Sources */ = {isa = PBXBuildFile; fileRef = D71384B81C5D260E004773EA /* RegisterViewController.swift */; };
		D75101171C55F4940001147E /* SwiftSpinner.swift in Sources */ = {isa = PBXBuildFile; fileRef = D75101161C55F4940001147E /* SwiftSpinner.swift */; };
		D75101191C5604950001147E /* DeviceTableViewCell.swift in Sources */ = {isa = PBXBuildFile; fileRef = D75101181C5604950001147E /* DeviceTableViewCell.swift */; };
		D751011C1C5697760001147E /* CheckBox.swift in Sources */ = {isa = PBXBuildFile; fileRef = D751011B1C5697760001147E /* CheckBox.swift */; };
		D7644BD91C758D8700B5545E /* PushNotificationViewController.swift in Sources */ = {isa = PBXBuildFile; fileRef = D7644BD81C758D8700B5545E /* PushNotificationViewController.swift */; };
		D7644BEB1C7A4C0B00B5545E /* FreePlanViewController.swift in Sources */ = {isa = PBXBuildFile; fileRef = D7644BEA1C7A4C0B00B5545E /* FreePlanViewController.swift */; };
		D7644BED1C7A4C1C00B5545E /* PaidPlanViewController.swift in Sources */ = {isa = PBXBuildFile; fileRef = D7644BEC1C7A4C1C00B5545E /* PaidPlanViewController.swift */; };
		D782B0B11C8B3F0C004FF21D /* CameraTableViewCell.swift in Sources */ = {isa = PBXBuildFile; fileRef = D782B0B01C8B3F0C004FF21D /* CameraTableViewCell.swift */; };
		D782B0B31C8B60BB004FF21D /* SetupCameraTableViewController.swift in Sources */ = {isa = PBXBuildFile; fileRef = D782B0B21C8B60BB004FF21D /* SetupCameraTableViewController.swift */; };
		D782B0BF1C8E4869004FF21D /* CVWrapper.mm in Sources */ = {isa = PBXBuildFile; fileRef = D782B0BE1C8E4869004FF21D /* CVWrapper.mm */; };
		D782B0C81C8E48E9004FF21D /* stitching.cpp in Sources */ = {isa = PBXBuildFile; fileRef = D782B0C01C8E48E8004FF21D /* stitching.cpp */; };
		D782B0C91C8E48E9004FF21D /* SwViewController.swift in Sources */ = {isa = PBXBuildFile; fileRef = D782B0C31C8E48E9004FF21D /* SwViewController.swift */; };
		D782B0CA1C8E48E9004FF21D /* UIImage+OpenCV.mm in Sources */ = {isa = PBXBuildFile; fileRef = D782B0C51C8E48E9004FF21D /* UIImage+OpenCV.mm */; };
		D782B0CB1C8E48E9004FF21D /* UIImage+Rotate.m in Sources */ = {isa = PBXBuildFile; fileRef = D782B0C71C8E48E9004FF21D /* UIImage+Rotate.m */; };
		D7AE2DBC1C7FF0FB00877EAB /*  FileUploader.swift in Sources */ = {isa = PBXBuildFile; fileRef = D7AE2DBB1C7FF0FA00877EAB /*  FileUploader.swift */; };
		D7AE2DBE1C80771000877EAB /* ServerController.swift in Sources */ = {isa = PBXBuildFile; fileRef = D7AE2DBD1C80771000877EAB /* ServerController.swift */; };
		D7B7566D1C628D840020A13A /* MainViewController.swift in Sources */ = {isa = PBXBuildFile; fileRef = D7B7566C1C628D840020A13A /* MainViewController.swift */; };
		D7B756911C6416C20020A13A /* Help-50.png in Resources */ = {isa = PBXBuildFile; fileRef = D7B756901C6416C20020A13A /* Help-50.png */; };
		D7B7569C1C644E5F0020A13A /* SetupViewController.swift in Sources */ = {isa = PBXBuildFile; fileRef = D7B7569B1C644E5F0020A13A /* SetupViewController.swift */; };
		D7B756F91C6547510020A13A /* DeviceViewController.swift in Sources */ = {isa = PBXBuildFile; fileRef = D7B756F81C6547510020A13A /* DeviceViewController.swift */; };
		D7B757461C666D170020A13A /* grab_motion_play.png in Resources */ = {isa = PBXBuildFile; fileRef = D7B757451C666D170020A13A /* grab_motion_play.png */; };
		D7B757501C667EBF0020A13A /* AdvancedSetupTableViewController.swift in Sources */ = {isa = PBXBuildFile; fileRef = D7B7574F1C667EBF0020A13A /* AdvancedSetupTableViewController.swift */; };
		D7BEB26E1C90A908009B1BBB /* checkmark-50.png in Resources */ = {isa = PBXBuildFile; fileRef = D7BEB26D1C90A908009B1BBB /* checkmark-50.png */; };
		D7BEB2701C90A92B009B1BBB /* New-50.png in Resources */ = {isa = PBXBuildFile; fileRef = D7BEB26F1C90A92B009B1BBB /* New-50.png */; };
		D7C2EA341C599F1500115E5A /* TerminalViewController.swift in Sources */ = {isa = PBXBuildFile; fileRef = D7C2EA331C599F1500115E5A /* TerminalViewController.swift */; };
		D7C2EA451C5A9A0B00115E5A /* Socket.swift in Sources */ = {isa = PBXBuildFile; fileRef = D7C2EA441C5A9A0B00115E5A /* Socket.swift */; };
		D7C2EA4A1C5B30F100115E5A /* spanner-7.png in Resources */ = {isa = PBXBuildFile; fileRef = D7C2EA491C5B30F100115E5A /* spanner-7.png */; };
		D7C2EA4C1C5B339100115E5A /* pushpin-7.png in Resources */ = {isa = PBXBuildFile; fileRef = D7C2EA4B1C5B339100115E5A /* pushpin-7.png */; };
		D7C2EA4E1C5B34BF00115E5A /* circle-user-7.png in Resources */ = {isa = PBXBuildFile; fileRef = D7C2EA4D1C5B34BF00115E5A /* circle-user-7.png */; };
		D7C2EA501C5B351100115E5A /* camera-7.png in Resources */ = {isa = PBXBuildFile; fileRef = D7C2EA4F1C5B351100115E5A /* camera-7.png */; };
		D7C2EA521C5B3FD700115E5A /* gear.png in Resources */ = {isa = PBXBuildFile; fileRef = D7C2EA511C5B3FD700115E5A /* gear.png */; };
		D7C2EA561C5BC6E300115E5A /* LoginViewController.swift in Sources */ = {isa = PBXBuildFile; fileRef = D7C2EA551C5BC6E300115E5A /* LoginViewController.swift */; };
		D7C2EA601C5C05EF00115E5A /* grabmotion_logo.png in Resources */ = {isa = PBXBuildFile; fileRef = D7C2EA5F1C5C05EF00115E5A /* grabmotion_logo.png */; };
		D7DD28281C9693D00041F264 /* Icon-60@3x.png in Resources */ = {isa = PBXBuildFile; fileRef = D7DD28251C9693D00041F264 /* Icon-60@3x.png */; };
		D7DD28291C9693D00041F264 /* Icon-Small-40@3x.png in Resources */ = {isa = PBXBuildFile; fileRef = D7DD28261C9693D00041F264 /* Icon-Small-40@3x.png */; };
		D7DD282A1C9693D00041F264 /* Icon-Small@3x.png in Resources */ = {isa = PBXBuildFile; fileRef = D7DD28271C9693D00041F264 /* Icon-Small@3x.png */; };
		D7FF1B2A1C5DB641007415AD /* Accounts.framework in Frameworks */ = {isa = PBXBuildFile; fileRef = D7FF1B291C5DB641007415AD /* Accounts.framework */; };
		D7FF1B2C1C5DB665007415AD /* CoreGraphics.framework in Frameworks */ = {isa = PBXBuildFile; fileRef = D7FF1B2B1C5DB665007415AD /* CoreGraphics.framework */; };
		D7FF1B2E1C5DB68B007415AD /* Social.framework in Frameworks */ = {isa = PBXBuildFile; fileRef = D7FF1B2D1C5DB68B007415AD /* Social.framework */; };
		D7FF1B461C5E42F5007415AD /* ProFileViewController.swift in Sources */ = {isa = PBXBuildFile; fileRef = D7FF1B451C5E42F5007415AD /* ProFileViewController.swift */; };
/* End PBXBuildFile section */

/* Begin PBXFileReference section */
		003A29F84F603B168D373BE5 /* Pods-GrabMotion.release.xcconfig */ = {isa = PBXFileReference; includeInIndex = 1; lastKnownFileType = text.xcconfig; name = "Pods-GrabMotion.release.xcconfig"; path = "Pods/Target Support Files/Pods-GrabMotion/Pods-GrabMotion.release.xcconfig"; sourceTree = "<group>"; };
		3A4ECA889A7743CAC88CFB47 /* Pods_GrabMotion.framework */ = {isa = PBXFileReference; explicitFileType = wrapper.framework; includeInIndex = 0; path = Pods_GrabMotion.framework; sourceTree = BUILT_PRODUCTS_DIR; };
		A1E92113F894BE0A768513C2 /* Pods-GrabMotion.debug.xcconfig */ = {isa = PBXFileReference; includeInIndex = 1; lastKnownFileType = text.xcconfig; name = "Pods-GrabMotion.debug.xcconfig"; path = "Pods/Target Support Files/Pods-GrabMotion/Pods-GrabMotion.debug.xcconfig"; sourceTree = "<group>"; };
		D70026E31CA626930076485A /* JobViewController.swift */ = {isa = PBXFileReference; fileEncoding = 4; lastKnownFileType = sourcecode.swift; path = JobViewController.swift; sourceTree = "<group>"; };
		D70A62BC1C52990300E759C6 /* GrabMotion.app */ = {isa = PBXFileReference; explicitFileType = wrapper.application; includeInIndex = 0; path = GrabMotion.app; sourceTree = BUILT_PRODUCTS_DIR; };
		D70A62BF1C52990300E759C6 /* AppDelegate.swift */ = {isa = PBXFileReference; lastKnownFileType = sourcecode.swift; path = AppDelegate.swift; sourceTree = "<group>"; };
		D70A62C41C52990300E759C6 /* Base */ = {isa = PBXFileReference; lastKnownFileType = file.storyboard; name = Base; path = Base.lproj/Main.storyboard; sourceTree = "<group>"; };
		D70A62C61C52990300E759C6 /* Assets.xcassets */ = {isa = PBXFileReference; lastKnownFileType = folder.assetcatalog; path = Assets.xcassets; sourceTree = "<group>"; };
		D70A62C91C52990300E759C6 /* Base */ = {isa = PBXFileReference; lastKnownFileType = file.storyboard; name = Base; path = Base.lproj/LaunchScreen.storyboard; sourceTree = "<group>"; };
		D70A62CB1C52990300E759C6 /* Info.plist */ = {isa = PBXFileReference; lastKnownFileType = text.plist.xml; path = Info.plist; sourceTree = "<group>"; };
		D70A62D11C529D1600E759C6 /* Motion.Motion.proto.swift */ = {isa = PBXFileReference; fileEncoding = 4; lastKnownFileType = sourcecode.swift; path = Motion.Motion.proto.swift; sourceTree = "<group>"; };
		D70A62E51C52E32E00E759C6 /* GrabMotion-Bridging-Header.h */ = {isa = PBXFileReference; lastKnownFileType = sourcecode.c.h; path = "GrabMotion-Bridging-Header.h"; sourceTree = "<group>"; };
		D70A62E61C52E32F00E759C6 /* ysocket.swift */ = {isa = PBXFileReference; fileEncoding = 4; lastKnownFileType = sourcecode.swift; path = ysocket.swift; sourceTree = "<group>"; };
		D70A62E71C52E32F00E759C6 /* ytcpsocket.c */ = {isa = PBXFileReference; fileEncoding = 4; lastKnownFileType = sourcecode.c.c; path = ytcpsocket.c; sourceTree = "<group>"; };
		D70A62E81C52E32F00E759C6 /* ytcpsocket.swift */ = {isa = PBXFileReference; fileEncoding = 4; lastKnownFileType = sourcecode.swift; path = ytcpsocket.swift; sourceTree = "<group>"; };
		D70A62E91C52E32F00E759C6 /* yudpsocket.c */ = {isa = PBXFileReference; fileEncoding = 4; lastKnownFileType = sourcecode.c.c; path = yudpsocket.c; sourceTree = "<group>"; };
		D70A62EA1C52E32F00E759C6 /* yudpsocket.swift */ = {isa = PBXFileReference; fileEncoding = 4; lastKnownFileType = sourcecode.swift; path = yudpsocket.swift; sourceTree = "<group>"; };
		D70A62F81C52E68A00E759C6 /* SystemConfiguration.framework */ = {isa = PBXFileReference; lastKnownFileType = wrapper.framework; name = SystemConfiguration.framework; path = System/Library/Frameworks/SystemConfiguration.framework; sourceTree = SDKROOT; };
		D70A62FA1C52E69700E759C6 /* StoreKit.framework */ = {isa = PBXFileReference; lastKnownFileType = wrapper.framework; name = StoreKit.framework; path = System/Library/Frameworks/StoreKit.framework; sourceTree = SDKROOT; };
		D70A62FC1C52E6AE00E759C6 /* Security.framework */ = {isa = PBXFileReference; lastKnownFileType = wrapper.framework; name = Security.framework; path = System/Library/Frameworks/Security.framework; sourceTree = SDKROOT; };
		D70A62FE1C52E6B700E759C6 /* QuartzCore.framework */ = {isa = PBXFileReference; lastKnownFileType = wrapper.framework; name = QuartzCore.framework; path = System/Library/Frameworks/QuartzCore.framework; sourceTree = SDKROOT; };
		D70A63001C52E6C300E759C6 /* CoreLocation.framework */ = {isa = PBXFileReference; lastKnownFileType = wrapper.framework; name = CoreLocation.framework; path = System/Library/Frameworks/CoreLocation.framework; sourceTree = SDKROOT; };
		D70A63021C52E6E800E759C6 /* CFNetwork.framework */ = {isa = PBXFileReference; lastKnownFileType = wrapper.framework; name = CFNetwork.framework; path = System/Library/Frameworks/CFNetwork.framework; sourceTree = SDKROOT; };
		D70A63041C52E6F000E759C6 /* AudioToolbox.framework */ = {isa = PBXFileReference; lastKnownFileType = wrapper.framework; name = AudioToolbox.framework; path = System/Library/Frameworks/AudioToolbox.framework; sourceTree = SDKROOT; };
		D70A63061C52E6FA00E759C6 /* libsqlite3.tbd */ = {isa = PBXFileReference; lastKnownFileType = "sourcecode.text-based-dylib-definition"; name = libsqlite3.tbd; path = usr/lib/libsqlite3.tbd; sourceTree = SDKROOT; };
		D70A63081C52E70300E759C6 /* libz.tbd */ = {isa = PBXFileReference; lastKnownFileType = "sourcecode.text-based-dylib-definition"; name = libz.tbd; path = usr/lib/libz.tbd; sourceTree = SDKROOT; };
		D70A630A1C52EE0C00E759C6 /* grabmotion_logo.png */ = {isa = PBXFileReference; lastKnownFileType = image.png; path = grabmotion_logo.png; sourceTree = "<group>"; };
		D70DB6681C8A05790088C1BE /* camon.png */ = {isa = PBXFileReference; lastKnownFileType = image.png; path = camon.png; sourceTree = "<group>"; };
		D70DB66A1C8A0F870088C1BE /* camerano.png */ = {isa = PBXFileReference; lastKnownFileType = image.png; path = camerano.png; sourceTree = "<group>"; };
		D70DB66B1C8A0F870088C1BE /* camerarunning.png */ = {isa = PBXFileReference; lastKnownFileType = image.png; path = camerarunning.png; sourceTree = "<group>"; };
		D71384AC1C5CFEAD004773EA /* mail.png */ = {isa = PBXFileReference; lastKnownFileType = image.png; path = mail.png; sourceTree = "<group>"; };
		D71384B01C5CFF10004773EA /* pass.png */ = {isa = PBXFileReference; lastKnownFileType = image.png; path = pass.png; sourceTree = "<group>"; };
		D71384B21C5D1CA9004773EA /* FB-f-Logo__blue_100.png */ = {isa = PBXFileReference; lastKnownFileType = image.png; path = "FB-f-Logo__blue_100.png"; sourceTree = "<group>"; };
		D71384B41C5D1CAF004773EA /* TwitterLogo_white.png */ = {isa = PBXFileReference; lastKnownFileType = image.png; path = TwitterLogo_white.png; sourceTree = "<group>"; };
		D71384B61C5D1D1A004773EA /* grabmotion_iso.png */ = {isa = PBXFileReference; lastKnownFileType = image.png; path = grabmotion_iso.png; sourceTree = "<group>"; };
		D71384B81C5D260E004773EA /* RegisterViewController.swift */ = {isa = PBXFileReference; fileEncoding = 4; lastKnownFileType = sourcecode.swift; path = RegisterViewController.swift; sourceTree = "<group>"; };
		D75101161C55F4940001147E /* SwiftSpinner.swift */ = {isa = PBXFileReference; fileEncoding = 4; lastKnownFileType = sourcecode.swift; path = SwiftSpinner.swift; sourceTree = "<group>"; };
		D75101181C5604950001147E /* DeviceTableViewCell.swift */ = {isa = PBXFileReference; fileEncoding = 4; lastKnownFileType = sourcecode.swift; path = DeviceTableViewCell.swift; sourceTree = "<group>"; };
		D751011B1C5697760001147E /* CheckBox.swift */ = {isa = PBXFileReference; fileEncoding = 4; lastKnownFileType = sourcecode.swift; path = CheckBox.swift; sourceTree = "<group>"; };
		D7644BD81C758D8700B5545E /* PushNotificationViewController.swift */ = {isa = PBXFileReference; fileEncoding = 4; lastKnownFileType = sourcecode.swift; path = PushNotificationViewController.swift; sourceTree = "<group>"; };
		D7644BEA1C7A4C0B00B5545E /* FreePlanViewController.swift */ = {isa = PBXFileReference; fileEncoding = 4; lastKnownFileType = sourcecode.swift; path = FreePlanViewController.swift; sourceTree = "<group>"; };
		D7644BEC1C7A4C1C00B5545E /* PaidPlanViewController.swift */ = {isa = PBXFileReference; fileEncoding = 4; lastKnownFileType = sourcecode.swift; path = PaidPlanViewController.swift; sourceTree = "<group>"; };
		D782B0B01C8B3F0C004FF21D /* CameraTableViewCell.swift */ = {isa = PBXFileReference; fileEncoding = 4; lastKnownFileType = sourcecode.swift; path = CameraTableViewCell.swift; sourceTree = "<group>"; };
		D782B0B21C8B60BB004FF21D /* SetupCameraTableViewController.swift */ = {isa = PBXFileReference; fileEncoding = 4; lastKnownFileType = sourcecode.swift; path = SetupCameraTableViewController.swift; sourceTree = "<group>"; };
		D782B0BD1C8E4869004FF21D /* CVWrapper.h */ = {isa = PBXFileReference; fileEncoding = 4; lastKnownFileType = sourcecode.c.h; path = CVWrapper.h; sourceTree = "<group>"; };
		D782B0BE1C8E4869004FF21D /* CVWrapper.mm */ = {isa = PBXFileReference; fileEncoding = 4; lastKnownFileType = sourcecode.cpp.objcpp; path = CVWrapper.mm; sourceTree = "<group>"; };
		D782B0C01C8E48E8004FF21D /* stitching.cpp */ = {isa = PBXFileReference; fileEncoding = 4; lastKnownFileType = sourcecode.cpp.cpp; path = stitching.cpp; sourceTree = "<group>"; };
		D782B0C11C8E48E8004FF21D /* stitching.h */ = {isa = PBXFileReference; fileEncoding = 4; lastKnownFileType = sourcecode.c.h; path = stitching.h; sourceTree = "<group>"; };
		D782B0C21C8E48E9004FF21D /* SwiftStitch-Bridging-Header.h */ = {isa = PBXFileReference; fileEncoding = 4; lastKnownFileType = sourcecode.c.h; path = "SwiftStitch-Bridging-Header.h"; sourceTree = "<group>"; };
		D782B0C31C8E48E9004FF21D /* SwViewController.swift */ = {isa = PBXFileReference; fileEncoding = 4; lastKnownFileType = sourcecode.swift; path = SwViewController.swift; sourceTree = "<group>"; };
		D782B0C41C8E48E9004FF21D /* UIImage+OpenCV.h */ = {isa = PBXFileReference; fileEncoding = 4; lastKnownFileType = sourcecode.c.h; path = "UIImage+OpenCV.h"; sourceTree = "<group>"; };
		D782B0C51C8E48E9004FF21D /* UIImage+OpenCV.mm */ = {isa = PBXFileReference; fileEncoding = 4; lastKnownFileType = sourcecode.cpp.objcpp; path = "UIImage+OpenCV.mm"; sourceTree = "<group>"; };
		D782B0C61C8E48E9004FF21D /* UIImage+Rotate.h */ = {isa = PBXFileReference; fileEncoding = 4; lastKnownFileType = sourcecode.c.h; path = "UIImage+Rotate.h"; sourceTree = "<group>"; };
		D782B0C71C8E48E9004FF21D /* UIImage+Rotate.m */ = {isa = PBXFileReference; fileEncoding = 4; lastKnownFileType = sourcecode.c.objc; path = "UIImage+Rotate.m"; sourceTree = "<group>"; };
		D7AE2DBB1C7FF0FA00877EAB /*  FileUploader.swift */ = {isa = PBXFileReference; fileEncoding = 4; lastKnownFileType = sourcecode.swift; path = " FileUploader.swift"; sourceTree = "<group>"; };
		D7AE2DBD1C80771000877EAB /* ServerController.swift */ = {isa = PBXFileReference; fileEncoding = 4; lastKnownFileType = sourcecode.swift; path = ServerController.swift; sourceTree = "<group>"; };
		D7B7566C1C628D840020A13A /* MainViewController.swift */ = {isa = PBXFileReference; fileEncoding = 4; lastKnownFileType = sourcecode.swift; path = MainViewController.swift; sourceTree = "<group>"; };
		D7B756901C6416C20020A13A /* Help-50.png */ = {isa = PBXFileReference; lastKnownFileType = image.png; path = "Help-50.png"; sourceTree = "<group>"; };
		D7B7569B1C644E5F0020A13A /* SetupViewController.swift */ = {isa = PBXFileReference; fileEncoding = 4; lastKnownFileType = sourcecode.swift; name = SetupViewController.swift; path = ../SetupViewController.swift; sourceTree = "<group>"; };
		D7B756F81C6547510020A13A /* DeviceViewController.swift */ = {isa = PBXFileReference; fileEncoding = 4; lastKnownFileType = sourcecode.swift; path = DeviceViewController.swift; sourceTree = "<group>"; };
		D7B757451C666D170020A13A /* grab_motion_play.png */ = {isa = PBXFileReference; lastKnownFileType = image.png; path = grab_motion_play.png; sourceTree = "<group>"; };
		D7B7574F1C667EBF0020A13A /* AdvancedSetupTableViewController.swift */ = {isa = PBXFileReference; fileEncoding = 4; lastKnownFileType = sourcecode.swift; path = AdvancedSetupTableViewController.swift; sourceTree = "<group>"; };
		D7BEB26D1C90A908009B1BBB /* checkmark-50.png */ = {isa = PBXFileReference; lastKnownFileType = image.png; path = "checkmark-50.png"; sourceTree = "<group>"; };
		D7BEB26F1C90A92B009B1BBB /* New-50.png */ = {isa = PBXFileReference; lastKnownFileType = image.png; path = "New-50.png"; sourceTree = "<group>"; };
		D7C2EA331C599F1500115E5A /* TerminalViewController.swift */ = {isa = PBXFileReference; fileEncoding = 4; lastKnownFileType = sourcecode.swift; path = TerminalViewController.swift; sourceTree = "<group>"; };
		D7C2EA441C5A9A0B00115E5A /* Socket.swift */ = {isa = PBXFileReference; fileEncoding = 4; lastKnownFileType = sourcecode.swift; path = Socket.swift; sourceTree = "<group>"; };
		D7C2EA491C5B30F100115E5A /* spanner-7.png */ = {isa = PBXFileReference; lastKnownFileType = image.png; path = "spanner-7.png"; sourceTree = "<group>"; };
		D7C2EA4B1C5B339100115E5A /* pushpin-7.png */ = {isa = PBXFileReference; lastKnownFileType = image.png; path = "pushpin-7.png"; sourceTree = "<group>"; };
		D7C2EA4D1C5B34BF00115E5A /* circle-user-7.png */ = {isa = PBXFileReference; lastKnownFileType = image.png; path = "circle-user-7.png"; sourceTree = "<group>"; };
		D7C2EA4F1C5B351100115E5A /* camera-7.png */ = {isa = PBXFileReference; lastKnownFileType = image.png; path = "camera-7.png"; sourceTree = "<group>"; };
		D7C2EA511C5B3FD700115E5A /* gear.png */ = {isa = PBXFileReference; lastKnownFileType = image.png; path = gear.png; sourceTree = "<group>"; };
		D7C2EA551C5BC6E300115E5A /* LoginViewController.swift */ = {isa = PBXFileReference; fileEncoding = 4; lastKnownFileType = sourcecode.swift; path = LoginViewController.swift; sourceTree = "<group>"; };
		D7C2EA5F1C5C05EF00115E5A /* grabmotion_logo.png */ = {isa = PBXFileReference; lastKnownFileType = image.png; path = grabmotion_logo.png; sourceTree = "<group>"; };
		D7DD28251C9693D00041F264 /* Icon-60@3x.png */ = {isa = PBXFileReference; lastKnownFileType = image.png; path = "Icon-60@3x.png"; sourceTree = "<group>"; };
		D7DD28261C9693D00041F264 /* Icon-Small-40@3x.png */ = {isa = PBXFileReference; lastKnownFileType = image.png; path = "Icon-Small-40@3x.png"; sourceTree = "<group>"; };
		D7DD28271C9693D00041F264 /* Icon-Small@3x.png */ = {isa = PBXFileReference; lastKnownFileType = image.png; path = "Icon-Small@3x.png"; sourceTree = "<group>"; };
		D7FF1B291C5DB641007415AD /* Accounts.framework */ = {isa = PBXFileReference; lastKnownFileType = wrapper.framework; name = Accounts.framework; path = System/Library/Frameworks/Accounts.framework; sourceTree = SDKROOT; };
		D7FF1B2B1C5DB665007415AD /* CoreGraphics.framework */ = {isa = PBXFileReference; lastKnownFileType = wrapper.framework; name = CoreGraphics.framework; path = System/Library/Frameworks/CoreGraphics.framework; sourceTree = SDKROOT; };
		D7FF1B2D1C5DB68B007415AD /* Social.framework */ = {isa = PBXFileReference; lastKnownFileType = wrapper.framework; name = Social.framework; path = System/Library/Frameworks/Social.framework; sourceTree = SDKROOT; };
		D7FF1B451C5E42F5007415AD /* ProFileViewController.swift */ = {isa = PBXFileReference; fileEncoding = 4; lastKnownFileType = sourcecode.swift; path = ProFileViewController.swift; sourceTree = "<group>"; };
/* End PBXFileReference section */

/* Begin PBXFrameworksBuildPhase section */
		D70A62B91C52990300E759C6 /* Frameworks */ = {
			isa = PBXFrameworksBuildPhase;
			buildActionMask = 2147483647;
			files = (
				D70A63091C52E70300E759C6 /* libz.tbd in Frameworks */,
				D70A63071C52E6FA00E759C6 /* libsqlite3.tbd in Frameworks */,
				D7FF1B2A1C5DB641007415AD /* Accounts.framework in Frameworks */,
				D70A63051C52E6F000E759C6 /* AudioToolbox.framework in Frameworks */,
				D70A63031C52E6E800E759C6 /* CFNetwork.framework in Frameworks */,
				D7FF1B2C1C5DB665007415AD /* CoreGraphics.framework in Frameworks */,
				D70A63011C52E6C300E759C6 /* CoreLocation.framework in Frameworks */,
				D70A62FF1C52E6B700E759C6 /* QuartzCore.framework in Frameworks */,
				D70A62FD1C52E6AE00E759C6 /* Security.framework in Frameworks */,
				D7FF1B2E1C5DB68B007415AD /* Social.framework in Frameworks */,
				D70A62FB1C52E69700E759C6 /* StoreKit.framework in Frameworks */,
				D70A62F91C52E68A00E759C6 /* SystemConfiguration.framework in Frameworks */,
				B8D99DBF6FE3E002034586D4 /* Pods_GrabMotion.framework in Frameworks */,
			);
			runOnlyForDeploymentPostprocessing = 0;
		};
/* End PBXFrameworksBuildPhase section */

/* Begin PBXGroup section */
		6B18757CFA758117148F4018 /* Frameworks */ = {
			isa = PBXGroup;
			children = (
				D7FF1B2D1C5DB68B007415AD /* Social.framework */,
				D7FF1B2B1C5DB665007415AD /* CoreGraphics.framework */,
				D7FF1B291C5DB641007415AD /* Accounts.framework */,
				D70A63081C52E70300E759C6 /* libz.tbd */,
				D70A63061C52E6FA00E759C6 /* libsqlite3.tbd */,
				D70A63041C52E6F000E759C6 /* AudioToolbox.framework */,
				D70A63021C52E6E800E759C6 /* CFNetwork.framework */,
				D70A63001C52E6C300E759C6 /* CoreLocation.framework */,
				D70A62FE1C52E6B700E759C6 /* QuartzCore.framework */,
				D70A62FC1C52E6AE00E759C6 /* Security.framework */,
				D70A62FA1C52E69700E759C6 /* StoreKit.framework */,
				D70A62F81C52E68A00E759C6 /* SystemConfiguration.framework */,
				3A4ECA889A7743CAC88CFB47 /* Pods_GrabMotion.framework */,
			);
			name = Frameworks;
			sourceTree = "<group>";
		};
		97D92BE6B7CA6210D2576893 /* Pods */ = {
			isa = PBXGroup;
			children = (
				A1E92113F894BE0A768513C2 /* Pods-GrabMotion.debug.xcconfig */,
				003A29F84F603B168D373BE5 /* Pods-GrabMotion.release.xcconfig */,
			);
			name = Pods;
			sourceTree = "<group>";
		};
		D70A62B31C52990300E759C6 = {
			isa = PBXGroup;
			children = (
				D70A62BE1C52990300E759C6 /* GrabMotion */,
				D70A62BD1C52990300E759C6 /* Products */,
				97D92BE6B7CA6210D2576893 /* Pods */,
				6B18757CFA758117148F4018 /* Frameworks */,
			);
			sourceTree = "<group>";
		};
		D70A62BD1C52990300E759C6 /* Products */ = {
			isa = PBXGroup;
			children = (
				D70A62BC1C52990300E759C6 /* GrabMotion.app */,
			);
			name = Products;
			sourceTree = "<group>";
		};
		D70A62BE1C52990300E759C6 /* GrabMotion */ = {
			isa = PBXGroup;
			children = (
				D70A630D1C53AFC100E759C6 /* ViewControllers */,
				D7C2EA481C5B30D900115E5A /* Images */,
				D70A62BF1C52990300E759C6 /* AppDelegate.swift */,
				D70A62D31C529D3800E759C6 /* Protobuf */,
				D77C821F1C53B56200F8D99E /* StoryBoards */,
				D70A62C61C52990300E759C6 /* Assets.xcassets */,
				D70A62CB1C52990300E759C6 /* Info.plist */,
				D71384C31C5D7786004773EA /* ObjectiveC */,
				D751011D1C5697810001147E /* Controls */,
				D7CE814C1C7293CF0025673D /* Communications */,
			);
			path = GrabMotion;
			sourceTree = "<group>";
		};
		D70A62D31C529D3800E759C6 /* Protobuf */ = {
			isa = PBXGroup;
			children = (
				D70A62D11C529D1600E759C6 /* Motion.Motion.proto.swift */,
			);
			name = Protobuf;
			sourceTree = "<group>";
		};
		D70A62F01C52E34400E759C6 /* Socket */ = {
			isa = PBXGroup;
			children = (
				D7C2EA441C5A9A0B00115E5A /* Socket.swift */,
				D70A62E61C52E32F00E759C6 /* ysocket.swift */,
				D70A62E71C52E32F00E759C6 /* ytcpsocket.c */,
				D70A62E81C52E32F00E759C6 /* ytcpsocket.swift */,
				D70A62E91C52E32F00E759C6 /* yudpsocket.c */,
				D70A62EA1C52E32F00E759C6 /* yudpsocket.swift */,
			);
			name = Socket;
			sourceTree = "<group>";
		};
		D70A630D1C53AFC100E759C6 /* ViewControllers */ = {
			isa = PBXGroup;
			children = (
				D7C2EA551C5BC6E300115E5A /* LoginViewController.swift */,
				D71384B81C5D260E004773EA /* RegisterViewController.swift */,
				D7B7574B1C6676860020A13A /* Profile */,
				D7B7574A1C66764E0020A13A /* Setup */,
				D7B757491C66754D0020A13A /* Devices */,
				D7B757481C6675400020A13A /* Notification */,
				D7C2EA331C599F1500115E5A /* TerminalViewController.swift */,
				D7B7566C1C628D840020A13A /* MainViewController.swift */,
			);
			name = ViewControllers;
			path = ..;
			sourceTree = "<group>";
		};
		D71384C31C5D7786004773EA /* ObjectiveC */ = {
			isa = PBXGroup;
			children = (
				D782B0BC1C8E46EC004FF21D /* opencv */,
				D70A62E51C52E32E00E759C6 /* GrabMotion-Bridging-Header.h */,
			);
			name = ObjectiveC;
			sourceTree = "<group>";
		};
		D751011A1C5604A10001147E /* Cells */ = {
			isa = PBXGroup;
			children = (
				D75101181C5604950001147E /* DeviceTableViewCell.swift */,
				D782B0B01C8B3F0C004FF21D /* CameraTableViewCell.swift */,
			);
			name = Cells;
			sourceTree = "<group>";
		};
		D751011D1C5697810001147E /* Controls */ = {
			isa = PBXGroup;
			children = (
				D75101161C55F4940001147E /* SwiftSpinner.swift */,
				D751011B1C5697760001147E /* CheckBox.swift */,
			);
			name = Controls;
			sourceTree = "<group>";
		};
		D7644BE91C7A4BD800B5545E /* plans */ = {
			isa = PBXGroup;
			children = (
				D7644BEA1C7A4C0B00B5545E /* FreePlanViewController.swift */,
				D7644BEC1C7A4C1C00B5545E /* PaidPlanViewController.swift */,
			);
			name = plans;
			sourceTree = "<group>";
		};
		D77C821F1C53B56200F8D99E /* StoryBoards */ = {
			isa = PBXGroup;
			children = (
				D70A62C31C52990300E759C6 /* Main.storyboard */,
				D70A62C81C52990300E759C6 /* LaunchScreen.storyboard */,
			);
			name = StoryBoards;
			sourceTree = "<group>";
		};
		D782B0BC1C8E46EC004FF21D /* opencv */ = {
			isa = PBXGroup;
			children = (
				D782B0C01C8E48E8004FF21D /* stitching.cpp */,
				D782B0C11C8E48E8004FF21D /* stitching.h */,
				D782B0C21C8E48E9004FF21D /* SwiftStitch-Bridging-Header.h */,
				D782B0C31C8E48E9004FF21D /* SwViewController.swift */,
				D782B0C41C8E48E9004FF21D /* UIImage+OpenCV.h */,
				D782B0C51C8E48E9004FF21D /* UIImage+OpenCV.mm */,
				D782B0C61C8E48E9004FF21D /* UIImage+Rotate.h */,
				D782B0C71C8E48E9004FF21D /* UIImage+Rotate.m */,
				D782B0BD1C8E4869004FF21D /* CVWrapper.h */,
				D782B0BE1C8E4869004FF21D /* CVWrapper.mm */,
			);
			name = opencv;
			sourceTree = "<group>";
		};
		D7B757481C6675400020A13A /* Notification */ = {
			isa = PBXGroup;
			children = (
				D7644BD81C758D8700B5545E /* PushNotificationViewController.swift */,
			);
			name = Notification;
			sourceTree = "<group>";
		};
		D7B757491C66754D0020A13A /* Devices */ = {
			isa = PBXGroup;
			children = (
				D7B756F81C6547510020A13A /* DeviceViewController.swift */,
			);
			name = Devices;
			sourceTree = "<group>";
		};
		D7B7574A1C66764E0020A13A /* Setup */ = {
			isa = PBXGroup;
			children = (
				D751011A1C5604A10001147E /* Cells */,
				D7B7574C1C667A900020A13A /* Advanced */,
				D7B7569B1C644E5F0020A13A /* SetupViewController.swift */,
				D782B0B21C8B60BB004FF21D /* SetupCameraTableViewController.swift */,
				D70026E31CA626930076485A /* JobViewController.swift */,
			);
			name = Setup;
			path = GrabMotion;
			sourceTree = "<group>";
		};
		D7B7574B1C6676860020A13A /* Profile */ = {
			isa = PBXGroup;
			children = (
				D7644BE91C7A4BD800B5545E /* plans */,
				D7FF1B451C5E42F5007415AD /* ProFileViewController.swift */,
			);
			name = Profile;
			sourceTree = "<group>";
		};
		D7B7574C1C667A900020A13A /* Advanced */ = {
			isa = PBXGroup;
			children = (
				D7B7574F1C667EBF0020A13A /* AdvancedSetupTableViewController.swift */,
			);
			name = Advanced;
			sourceTree = "<group>";
		};
		D7C2EA481C5B30D900115E5A /* Images */ = {
			isa = PBXGroup;
			children = (
				D7DD28241C9693A10041F264 /* icons */,
				D7BEB26D1C90A908009B1BBB /* checkmark-50.png */,
				D7BEB26F1C90A92B009B1BBB /* New-50.png */,
				D70DB66A1C8A0F870088C1BE /* camerano.png */,
				D70DB66B1C8A0F870088C1BE /* camerarunning.png */,
				D70DB6681C8A05790088C1BE /* camon.png */,
				D71384B41C5D1CAF004773EA /* TwitterLogo_white.png */,
				D71384B61C5D1D1A004773EA /* grabmotion_iso.png */,
				D71384B21C5D1CA9004773EA /* FB-f-Logo__blue_100.png */,
				D7B756901C6416C20020A13A /* Help-50.png */,
				D71384B01C5CFF10004773EA /* pass.png */,
				D7B757451C666D170020A13A /* grab_motion_play.png */,
				D70A630A1C52EE0C00E759C6 /* grabmotion_logo.png */,
				D71384AC1C5CFEAD004773EA /* mail.png */,
				D7C2EA5F1C5C05EF00115E5A /* grabmotion_logo.png */,
				D7C2EA511C5B3FD700115E5A /* gear.png */,
				D7C2EA4F1C5B351100115E5A /* camera-7.png */,
				D7C2EA4D1C5B34BF00115E5A /* circle-user-7.png */,
				D7C2EA4B1C5B339100115E5A /* pushpin-7.png */,
				D7C2EA491C5B30F100115E5A /* spanner-7.png */,
			);
			name = Images;
			sourceTree = "<group>";
		};
		D7CE814C1C7293CF0025673D /* Communications */ = {
			isa = PBXGroup;
			children = (
				D70A62F01C52E34400E759C6 /* Socket */,
				D7AE2DBB1C7FF0FA00877EAB /*  FileUploader.swift */,
				D7AE2DBD1C80771000877EAB /* ServerController.swift */,
			);
			name = Communications;
			sourceTree = "<group>";
		};
		D7DD28241C9693A10041F264 /* icons */ = {
			isa = PBXGroup;
			children = (
				D7DD28251C9693D00041F264 /* Icon-60@3x.png */,
				D7DD28261C9693D00041F264 /* Icon-Small-40@3x.png */,
				D7DD28271C9693D00041F264 /* Icon-Small@3x.png */,
			);
			name = icons;
			sourceTree = "<group>";
		};
/* End PBXGroup section */

/* Begin PBXNativeTarget section */
		D70A62BB1C52990300E759C6 /* GrabMotion */ = {
			isa = PBXNativeTarget;
			buildConfigurationList = D70A62CE1C52990300E759C6 /* Build configuration list for PBXNativeTarget "GrabMotion" */;
			buildPhases = (
				1CC1AD682D15B3A79FCE076F /* Check Pods Manifest.lock */,
				D70A62B81C52990300E759C6 /* Sources */,
				D70A62B91C52990300E759C6 /* Frameworks */,
				D70A62BA1C52990300E759C6 /* Resources */,
				FB64752F719C5A5C674F023C /* Embed Pods Frameworks */,
				732B3E83F6357D3EDD9381BF /* Copy Pods Resources */,
			);
			buildRules = (
			);
			dependencies = (
			);
			name = GrabMotion;
			productName = GrabMotion;
			productReference = D70A62BC1C52990300E759C6 /* GrabMotion.app */;
			productType = "com.apple.product-type.application";
		};
/* End PBXNativeTarget section */

/* Begin PBXProject section */
		D70A62B41C52990300E759C6 /* Project object */ = {
			isa = PBXProject;
			attributes = {
				LastSwiftUpdateCheck = 0720;
				LastUpgradeCheck = 0720;
				ORGANIZATIONNAME = "GrabMotion Computer Vision";
				TargetAttributes = {
					D70A62BB1C52990300E759C6 = {
						CreatedOnToolsVersion = 7.2;
						DevelopmentTeam = YDE3D3X5DH;
						SystemCapabilities = {
							com.apple.Push = {
								enabled = 1;
							};
						};
					};
				};
			};
			buildConfigurationList = D70A62B71C52990300E759C6 /* Build configuration list for PBXProject "GrabMotion" */;
			compatibilityVersion = "Xcode 3.2";
			developmentRegion = English;
			hasScannedForEncodings = 0;
			knownRegions = (
				en,
				Base,
			);
			mainGroup = D70A62B31C52990300E759C6;
			productRefGroup = D70A62BD1C52990300E759C6 /* Products */;
			projectDirPath = "";
			projectRoot = "";
			targets = (
				D70A62BB1C52990300E759C6 /* GrabMotion */,
			);
		};
/* End PBXProject section */

/* Begin PBXResourcesBuildPhase section */
		D70A62BA1C52990300E759C6 /* Resources */ = {
			isa = PBXResourcesBuildPhase;
			buildActionMask = 2147483647;
			files = (
				D71384B31C5D1CA9004773EA /* FB-f-Logo__blue_100.png in Resources */,
				D7C2EA601C5C05EF00115E5A /* grabmotion_logo.png in Resources */,
				D70DB66D1C8A0F870088C1BE /* camerarunning.png in Resources */,
				D7DD282A1C9693D00041F264 /* Icon-Small@3x.png in Resources */,
				D7BEB2701C90A92B009B1BBB /* New-50.png in Resources */,
				D7C2EA4E1C5B34BF00115E5A /* circle-user-7.png in Resources */,
				D71384B11C5CFF10004773EA /* pass.png in Resources */,
				D7DD28281C9693D00041F264 /* Icon-60@3x.png in Resources */,
				D71384AD1C5CFEAD004773EA /* mail.png in Resources */,
				D70A630B1C52EE0C00E759C6 /* grabmotion_logo.png in Resources */,
				D7C2EA521C5B3FD700115E5A /* gear.png in Resources */,
				D7DD28291C9693D00041F264 /* Icon-Small-40@3x.png in Resources */,
				D70A62CA1C52990300E759C6 /* LaunchScreen.storyboard in Resources */,
				D70A62C71C52990300E759C6 /* Assets.xcassets in Resources */,
				D7B756911C6416C20020A13A /* Help-50.png in Resources */,
				D7C2EA501C5B351100115E5A /* camera-7.png in Resources */,
				D7B757461C666D170020A13A /* grab_motion_play.png in Resources */,
				D7BEB26E1C90A908009B1BBB /* checkmark-50.png in Resources */,
				D70A62C51C52990300E759C6 /* Main.storyboard in Resources */,
				D70DB66C1C8A0F870088C1BE /* camerano.png in Resources */,
				D7C2EA4A1C5B30F100115E5A /* spanner-7.png in Resources */,
				D71384B51C5D1CAF004773EA /* TwitterLogo_white.png in Resources */,
				D7C2EA4C1C5B339100115E5A /* pushpin-7.png in Resources */,
				D70DB6691C8A05790088C1BE /* camon.png in Resources */,
				D71384B71C5D1D1A004773EA /* grabmotion_iso.png in Resources */,
			);
			runOnlyForDeploymentPostprocessing = 0;
		};
/* End PBXResourcesBuildPhase section */

/* Begin PBXShellScriptBuildPhase section */
		1CC1AD682D15B3A79FCE076F /* Check Pods Manifest.lock */ = {
			isa = PBXShellScriptBuildPhase;
			buildActionMask = 2147483647;
			files = (
			);
			inputPaths = (
			);
			name = "Check Pods Manifest.lock";
			outputPaths = (
			);
			runOnlyForDeploymentPostprocessing = 0;
			shellPath = /bin/sh;
			shellScript = "diff \"${PODS_ROOT}/../Podfile.lock\" \"${PODS_ROOT}/Manifest.lock\" > /dev/null\nif [[ $? != 0 ]] ; then\n    cat << EOM\nerror: The sandbox is not in sync with the Podfile.lock. Run 'pod install' or update your CocoaPods installation.\nEOM\n    exit 1\nfi\n";
			showEnvVarsInLog = 0;
		};
		732B3E83F6357D3EDD9381BF /* Copy Pods Resources */ = {
			isa = PBXShellScriptBuildPhase;
			buildActionMask = 2147483647;
			files = (
			);
			inputPaths = (
			);
			name = "Copy Pods Resources";
			outputPaths = (
			);
			runOnlyForDeploymentPostprocessing = 0;
			shellPath = /bin/sh;
			shellScript = "\"${SRCROOT}/Pods/Target Support Files/Pods-GrabMotion/Pods-GrabMotion-resources.sh\"\n";
			showEnvVarsInLog = 0;
		};
		FB64752F719C5A5C674F023C /* Embed Pods Frameworks */ = {
			isa = PBXShellScriptBuildPhase;
			buildActionMask = 2147483647;
			files = (
			);
			inputPaths = (
			);
			name = "Embed Pods Frameworks";
			outputPaths = (
			);
			runOnlyForDeploymentPostprocessing = 0;
			shellPath = /bin/sh;
			shellScript = "\"${SRCROOT}/Pods/Target Support Files/Pods-GrabMotion/Pods-GrabMotion-frameworks.sh\"\n";
			showEnvVarsInLog = 0;
		};
/* End PBXShellScriptBuildPhase section */

/* Begin PBXSourcesBuildPhase section */
		D70A62B81C52990300E759C6 /* Sources */ = {
			isa = PBXSourcesBuildPhase;
			buildActionMask = 2147483647;
			files = (
				D782B0CB1C8E48E9004FF21D /* UIImage+Rotate.m in Sources */,
				D7B757501C667EBF0020A13A /* AdvancedSetupTableViewController.swift in Sources */,
				D7FF1B461C5E42F5007415AD /* ProFileViewController.swift in Sources */,
				D7AE2DBC1C7FF0FB00877EAB /*  FileUploader.swift in Sources */,
				D70A62ED1C52E32F00E759C6 /* ytcpsocket.swift in Sources */,
				D782B0CA1C8E48E9004FF21D /* UIImage+OpenCV.mm in Sources */,
				D7644BD91C758D8700B5545E /* PushNotificationViewController.swift in Sources */,
				D75101171C55F4940001147E /* SwiftSpinner.swift in Sources */,
				D751011C1C5697760001147E /* CheckBox.swift in Sources */,
				D70A62C01C52990300E759C6 /* AppDelegate.swift in Sources */,
				D7B756F91C6547510020A13A /* DeviceViewController.swift in Sources */,
				D70A62EB1C52E32F00E759C6 /* ysocket.swift in Sources */,
				D70026E41CA626940076485A /* JobViewController.swift in Sources */,
				D7C2EA341C599F1500115E5A /* TerminalViewController.swift in Sources */,
				D75101191C5604950001147E /* DeviceTableViewCell.swift in Sources */,
				D782B0B11C8B3F0C004FF21D /* CameraTableViewCell.swift in Sources */,
				D7C2EA451C5A9A0B00115E5A /* Socket.swift in Sources */,
				D7C2EA561C5BC6E300115E5A /* LoginViewController.swift in Sources */,
				D7644BED1C7A4C1C00B5545E /* PaidPlanViewController.swift in Sources */,
				D7B7569C1C644E5F0020A13A /* SetupViewController.swift in Sources */,
				D70A62D21C529D1600E759C6 /* Motion.Motion.proto.swift in Sources */,
				D782B0B31C8B60BB004FF21D /* SetupCameraTableViewController.swift in Sources */,
				D782B0C91C8E48E9004FF21D /* SwViewController.swift in Sources */,
				D71384B91C5D260E004773EA /* RegisterViewController.swift in Sources */,
				D70A62EC1C52E32F00E759C6 /* ytcpsocket.c in Sources */,
				D782B0BF1C8E4869004FF21D /* CVWrapper.mm in Sources */,
				D70A62EF1C52E32F00E759C6 /* yudpsocket.swift in Sources */,
				D7AE2DBE1C80771000877EAB /* ServerController.swift in Sources */,
				D70A62EE1C52E32F00E759C6 /* yudpsocket.c in Sources */,
				D7644BEB1C7A4C0B00B5545E /* FreePlanViewController.swift in Sources */,
				D7B7566D1C628D840020A13A /* MainViewController.swift in Sources */,
				D782B0C81C8E48E9004FF21D /* stitching.cpp in Sources */,
			);
			runOnlyForDeploymentPostprocessing = 0;
		};
/* End PBXSourcesBuildPhase section */

/* Begin PBXVariantGroup section */
		D70A62C31C52990300E759C6 /* Main.storyboard */ = {
			isa = PBXVariantGroup;
			children = (
				D70A62C41C52990300E759C6 /* Base */,
			);
			name = Main.storyboard;
			sourceTree = "<group>";
		};
		D70A62C81C52990300E759C6 /* LaunchScreen.storyboard */ = {
			isa = PBXVariantGroup;
			children = (
				D70A62C91C52990300E759C6 /* Base */,
			);
			name = LaunchScreen.storyboard;
			sourceTree = "<group>";
		};
/* End PBXVariantGroup section */

/* Begin XCBuildConfiguration section */
		D70A62CC1C52990300E759C6 /* Debug */ = {
			isa = XCBuildConfiguration;
			buildSettings = {
				ALWAYS_SEARCH_USER_PATHS = NO;
				CLANG_CXX_LANGUAGE_STANDARD = "gnu++0x";
				CLANG_CXX_LIBRARY = "libc++";
				CLANG_ENABLE_MODULES = YES;
				CLANG_ENABLE_OBJC_ARC = YES;
				CLANG_WARN_BOOL_CONVERSION = YES;
				CLANG_WARN_CONSTANT_CONVERSION = YES;
				CLANG_WARN_DIRECT_OBJC_ISA_USAGE = YES_ERROR;
				CLANG_WARN_EMPTY_BODY = YES;
				CLANG_WARN_ENUM_CONVERSION = YES;
				CLANG_WARN_INT_CONVERSION = YES;
				CLANG_WARN_OBJC_ROOT_CLASS = YES_ERROR;
				CLANG_WARN_UNREACHABLE_CODE = YES;
				CLANG_WARN__DUPLICATE_METHOD_MATCH = YES;
				"CODE_SIGN_IDENTITY[sdk=iphoneos*]" = "iPhone Developer";
				COPY_PHASE_STRIP = NO;
				DEBUG_INFORMATION_FORMAT = dwarf;
				ENABLE_BITCODE = NO;
				ENABLE_STRICT_OBJC_MSGSEND = YES;
				ENABLE_TESTABILITY = YES;
				GCC_C_LANGUAGE_STANDARD = gnu99;
				GCC_DYNAMIC_NO_PIC = NO;
				GCC_NO_COMMON_BLOCKS = YES;
				GCC_OPTIMIZATION_LEVEL = 0;
				GCC_PREPROCESSOR_DEFINITIONS = (
					"DEBUG=1",
					"$(inherited)",
				);
				GCC_WARN_64_TO_32_BIT_CONVERSION = YES;
				GCC_WARN_ABOUT_RETURN_TYPE = YES_ERROR;
				GCC_WARN_UNDECLARED_SELECTOR = YES;
				GCC_WARN_UNINITIALIZED_AUTOS = YES_AGGRESSIVE;
				GCC_WARN_UNUSED_FUNCTION = YES;
				GCC_WARN_UNUSED_VARIABLE = YES;
				IPHONEOS_DEPLOYMENT_TARGET = 9.3;
				MTL_ENABLE_DEBUG_INFO = YES;
				ONLY_ACTIVE_ARCH = YES;
				SDKROOT = iphoneos;
				SWIFT_OPTIMIZATION_LEVEL = "-Onone";
				TARGETED_DEVICE_FAMILY = "1,2";
			};
			name = Debug;
		};
		D70A62CD1C52990300E759C6 /* Release */ = {
			isa = XCBuildConfiguration;
			buildSettings = {
				ALWAYS_SEARCH_USER_PATHS = NO;
				CLANG_CXX_LANGUAGE_STANDARD = "gnu++0x";
				CLANG_CXX_LIBRARY = "libc++";
				CLANG_ENABLE_MODULES = YES;
				CLANG_ENABLE_OBJC_ARC = YES;
				CLANG_WARN_BOOL_CONVERSION = YES;
				CLANG_WARN_CONSTANT_CONVERSION = YES;
				CLANG_WARN_DIRECT_OBJC_ISA_USAGE = YES_ERROR;
				CLANG_WARN_EMPTY_BODY = YES;
				CLANG_WARN_ENUM_CONVERSION = YES;
				CLANG_WARN_INT_CONVERSION = YES;
				CLANG_WARN_OBJC_ROOT_CLASS = YES_ERROR;
				CLANG_WARN_UNREACHABLE_CODE = YES;
				CLANG_WARN__DUPLICATE_METHOD_MATCH = YES;
				"CODE_SIGN_IDENTITY[sdk=iphoneos*]" = "iPhone Developer";
				COPY_PHASE_STRIP = NO;
				DEBUG_INFORMATION_FORMAT = "dwarf-with-dsym";
				ENABLE_BITCODE = NO;
				ENABLE_NS_ASSERTIONS = NO;
				ENABLE_STRICT_OBJC_MSGSEND = YES;
				GCC_C_LANGUAGE_STANDARD = gnu99;
				GCC_NO_COMMON_BLOCKS = YES;
				GCC_WARN_64_TO_32_BIT_CONVERSION = YES;
				GCC_WARN_ABOUT_RETURN_TYPE = YES_ERROR;
				GCC_WARN_UNDECLARED_SELECTOR = YES;
				GCC_WARN_UNINITIALIZED_AUTOS = YES_AGGRESSIVE;
				GCC_WARN_UNUSED_FUNCTION = YES;
				GCC_WARN_UNUSED_VARIABLE = YES;
				IPHONEOS_DEPLOYMENT_TARGET = 9.3;
				MTL_ENABLE_DEBUG_INFO = NO;
				SDKROOT = iphoneos;
				TARGETED_DEVICE_FAMILY = "1,2";
				VALIDATE_PRODUCT = YES;
			};
			name = Release;
		};
		D70A62CF1C52990300E759C6 /* Debug */ = {
			isa = XCBuildConfiguration;
			baseConfigurationReference = A1E92113F894BE0A768513C2 /* Pods-GrabMotion.debug.xcconfig */;
			buildSettings = {
				ASSETCATALOG_COMPILER_APPICON_NAME = AppIcon;
				CLANG_ENABLE_MODULES = YES;
				CODE_SIGN_IDENTITY = "iPhone Developer";
				FRAMEWORK_SEARCH_PATHS = (
					"$(inherited)",
					"$(PROJECT_DIR)",
				);
				INFOPLIST_FILE = GrabMotion/Info.plist;
				LD_RUNPATH_SEARCH_PATHS = "$(inherited) @executable_path/Frameworks";
				PRODUCT_BUNDLE_IDENTIFIER = com.grabmotion.GrabMotion;
				PRODUCT_NAME = "$(TARGET_NAME)";
				SWIFT_OBJC_BRIDGING_HEADER = "GrabMotion/GrabMotion-Bridging-Header.h";
				SWIFT_OPTIMIZATION_LEVEL = "-Onone";
			};
			name = Debug;
		};
		D70A62D01C52990300E759C6 /* Release */ = {
			isa = XCBuildConfiguration;
			baseConfigurationReference = 003A29F84F603B168D373BE5 /* Pods-GrabMotion.release.xcconfig */;
			buildSettings = {
				ASSETCATALOG_COMPILER_APPICON_NAME = AppIcon;
				CLANG_ENABLE_MODULES = YES;
				CODE_SIGN_IDENTITY = "iPhone Developer";
				FRAMEWORK_SEARCH_PATHS = (
					"$(inherited)",
					"$(PROJECT_DIR)",
				);
				INFOPLIST_FILE = GrabMotion/Info.plist;
				LD_RUNPATH_SEARCH_PATHS = "$(inherited) @executable_path/Frameworks";
				PRODUCT_BUNDLE_IDENTIFIER = com.grabmotion.GrabMotion;
				PRODUCT_NAME = "$(TARGET_NAME)";
				SWIFT_OBJC_BRIDGING_HEADER = "GrabMotion/GrabMotion-Bridging-Header.h";
			};
			name = Release;
		};
/* End XCBuildConfiguration section */

/* Begin XCConfigurationList section */
		D70A62B71C52990300E759C6 /* Build configuration list for PBXProject "GrabMotion" */ = {
			isa = XCConfigurationList;
			buildConfigurations = (
				D70A62CC1C52990300E759C6 /* Debug */,
				D70A62CD1C52990300E759C6 /* Release */,
			);
			defaultConfigurationIsVisible = 0;
			defaultConfigurationName = Release;
		};
		D70A62CE1C52990300E759C6 /* Build configuration list for PBXNativeTarget "GrabMotion" */ = {
			isa = XCConfigurationList;
			buildConfigurations = (
				D70A62CF1C52990300E759C6 /* Debug */,
				D70A62D01C52990300E759C6 /* Release */,
			);
			defaultConfigurationIsVisible = 0;
			defaultConfigurationName = Release;
		};
/* End XCConfigurationList section */
	};
	rootObject = D70A62B41C52990300E759C6 /* Project object */;
}
